{
  "name": "cfduc",
  "version": "0.2.0",
  "lockfileVersion": 1,
  "requires": true,
  "dependencies": {
    "balanced-match": {
      "version": "1.0.0",
      "resolved": "https://registry.npmjs.org/balanced-match/-/balanced-match-1.0.0.tgz",
      "integrity": "sha1-ibTRmasr7kneFk6gK4nORi1xt2c="
    },
    "base-64": {
      "version": "0.1.0",
      "resolved": "https://registry.npmjs.org/base-64/-/base-64-0.1.0.tgz",
      "integrity": "sha1-eAqZyE59YAJgNhURxId2E78k9rs="
    },
    "brace-expansion": {
      "version": "1.1.11",
      "resolved": "https://registry.npmjs.org/brace-expansion/-/brace-expansion-1.1.11.tgz",
      "integrity": "sha512-iCuPHDFgrHX7H2vEI/5xpz07zSHB00TpugqhmYtVmMO6518mCuRMoOYFldEBl0g187ufozdaHgWKcYFb61qGiA==",
      "requires": {
        "balanced-match": "^1.0.0",
        "concat-map": "0.0.1"
      }
    },
    "concat-map": {
      "version": "0.0.1",
      "resolved": "https://registry.npmjs.org/concat-map/-/concat-map-0.0.1.tgz",
      "integrity": "sha1-2Klr13/Wjfd5OnMDajug1UBdR3s="
    },
    "debug": {
      "version": "3.2.6",
      "resolved": "https://registry.npmjs.org/debug/-/debug-3.2.6.tgz",
      "integrity": "sha512-mel+jf7nrtEl5Pn1Qx46zARXKDpBbvzezse7p7LqINmdoIk8PYP5SySaxEmYv6TZ0JyEKA1hsCId6DIhgITtWQ==",
      "requires": {
        "ms": "^2.1.1"
      }
    },
    "dotenv": {
      "version": "6.2.0",
      "resolved": "https://registry.npmjs.org/dotenv/-/dotenv-6.2.0.tgz",
      "integrity": "sha512-HygQCKUBSFl8wKQZBSemMywRWcEDNidvNbjGVyZu3nbZ8qq9ubiPoGLMdRDpfSrpkkm9BXYFkpKxxFX38o/76w=="
    },
    "folder-hash": {
      "version": "2.1.2",
      "resolved": "https://registry.npmjs.org/folder-hash/-/folder-hash-2.1.2.tgz",
      "integrity": "sha512-PmMwEZyNN96EMshf7sek4OIB7ADNsHOJ7VIw7pO0PBI0BNfEsi7U8U56TBjjqqwQ0WuBv8se0HEfmbw5b/Rk+w==",
      "requires": {
        "debug": "^3.1.0",
        "graceful-fs": "~4.1.11",
        "minimatch": "~3.0.4"
      }
    },
    "get-my-ip": {
      "version": "0.0.1",
      "resolved": "https://registry.npmjs.org/get-my-ip/-/get-my-ip-0.0.1.tgz",
      "integrity": "sha1-Hhpis7zcH/lUBnvEFPoLyKU+sqU="
    },
    "graceful-fs": {
      "version": "4.1.15",
      "resolved": "https://registry.npmjs.org/graceful-fs/-/graceful-fs-4.1.15.tgz",
      "integrity": "sha512-6uHUhOPEBgQ24HM+r6b/QwWfZq+yiFcipKFrOFiBEnWdy5sdzYoi+pJeQaPI5qOLRFqWmAXUPQNsielzdLoecA=="
    },
    "http": {
      "version": "0.0.0",
      "resolved": "https://registry.npmjs.org/http/-/http-0.0.0.tgz",
      "integrity": "sha1-huYybSnF0Dnen6xYSkVon5KfT3I="
    },
    "https": {
      "version": "1.0.0",
      "resolved": "https://registry.npmjs.org/https/-/https-1.0.0.tgz",
      "integrity": "sha1-PDfHrhqO65ZpBKKtHpdaGUt+06Q="
    },
    "minimatch": {
      "version": "3.0.4",
      "resolved": "https://registry.npmjs.org/minimatch/-/minimatch-3.0.4.tgz",
      "integrity": "sha512-yJHVQEhyqPLUTgt9B83PXu6W3rx4MvvHvSUvToogpwoGDOUQ+yDrR0HRot+yOCdCO7u4hX3pWft6kWBBcqh0UA==",
      "requires": {
        "brace-expansion": "^1.1.7"
      }
    },
    "ms": {
      "version": "2.1.1",
      "resolved": "https://registry.npmjs.org/ms/-/ms-2.1.1.tgz",
      "integrity": "sha512-tgp+dl5cGk28utYktBsrFqA7HKgrhgPsg6Z/EfhWI4gl1Hwq8B/GmY/0oXZ6nF8hDVesS/FpnYaD/kOWhYQvyg=="
    },
    "node-wrap": {
      "version": "0.2.0",
      "resolved": "https://registry.npmjs.org/node-wrap/-/node-wrap-0.2.0.tgz",
      "integrity": "sha512-q5nI3nfk1fHEYRNkDiqP04s9GrvhmQ+RxH+a/wE21GXbl+hcphlDaxrtO7duiXM41ilxaw4MtcXoV4pzDWdXnQ=="
    },
    "svjsl": {
      "version": "1.7.0",
      "resolved": "https://registry.npmjs.org/svjsl/-/svjsl-1.7.0.tgz",
      "integrity": "sha512-AxTcLlV69uJSQq+t4uSJqIrURIxHTFSApSMoGwJS2Otk750T5PcRibYJ81dfFCquSYkyEBp9mtAU83sj3ZyX3w=="
    },
    "workspace-hash": {
      "version": "0.1.0",
      "resolved": "https://registry.npmjs.org/workspace-hash/-/workspace-hash-0.1.0.tgz",
      "integrity": "sha512-wEDudWC1Bz9AKlbWxjDhmBuY7dcHZoUuw7azGYEKUFP4KIG4FKRO+S2ktuWHb5tnjCp82Nq4Mn4sinQTjK0ANQ==",
      "requires": {
        "base-64": "^0.1.0",
        "folder-hash": "^2.1.2"
      }
    },
    "xmlhttprequest": {
      "version": "1.8.0",
      "resolved": "https://registry.npmjs.org/xmlhttprequest/-/xmlhttprequest-1.8.0.tgz",
      "integrity": "sha1-Z/4HXFwk/vOfnWX197f+dRcZaPw="
    }
  }
}
